
Microsoft Visual Studio Solution File, Format Version 12.00
# Visual Studio Version 17
VisualStudioVersion = 17.4.33110.190
MinimumVisualStudioVersion = 10.0.40219.1
Project("{FAE04EC0-301F-11D3-BF4B-00C04F79EFBC}") = "Geometria-CSharp", "Geometria-CSharp\Geometria-CSharp.csproj", "{E44148F6-44F2-423F-86D6-E44895884F29}"
EndProject
Global
	GlobalSection(SolutionConfigurationPlatforms) = preSolution
		Debug|Any CPU = Debug|Any CPU
		Release|Any CPU = Release|Any CPU
	EndGlobalSection
	GlobalSection(ProjectConfigurationPlatforms) = postSolution
		{E44148F6-44F2-423F-86D6-E44895884F29}.Debug|Any CPU.ActiveCfg = Debug|Any CPU
		{E44148F6-44F2-423F-86D6-E44895884F29}.Debug|Any CPU.Build.0 = Debug|Any CPU
		{E44148F6-44F2-423F-86D6-E44895884F29}.Release|Any CPU.ActiveCfg = Release|Any CPU
		{E44148F6-44F2-423F-86D6-E44895884F29}.Release|Any CPU.Build.0 = Release|Any CPU
	EndGlobalSection
	GlobalSection(SolutionProperties) = preSolution
		HideSolutionNode = FALSE
	EndGlobalSection
	GlobalSection(ExtensibilityGlobals) = postSolution
		SolutionGuid = {5E7209EC-B786-4891-924F-26FBC2346267}
	EndGlobalSection
EndGlobal
